
Microsoft Visual Studio Solution File, Format Version 12.00
# Visual Studio 15
VisualStudioVersion = 15.0.27703.2000
MinimumVisualStudioVersion = 10.0.40219.1
Project("{FAE04EC0-301F-11D3-BF4B-00C04F79EFBC}") = "Testing Stuff Out", "Testing Stuff Out\Testing Stuff Out.csproj", "{4838CD63-1EE4-4F45-B2EC-FC031D4684A3}"
EndProject
Global
	GlobalSection(SolutionConfigurationPlatforms) = preSolution
		Debug|Any CPU = Debug|Any CPU
		Release|Any CPU = Release|Any CPU
	EndGlobalSection
	GlobalSection(ProjectConfigurationPlatforms) = postSolution
		{4838CD63-1EE4-4F45-B2EC-FC031D4684A3}.Debug|Any CPU.ActiveCfg = Debug|Any CPU
		{4838CD63-1EE4-4F45-B2EC-FC031D4684A3}.Debug|Any CPU.Build.0 = Debug|Any CPU
		{4838CD63-1EE4-4F45-B2EC-FC031D4684A3}.Release|Any CPU.ActiveCfg = Release|Any CPU
		{4838CD63-1EE4-4F45-B2EC-FC031D4684A3}.Release|Any CPU.Build.0 = Release|Any CPU
	EndGlobalSection
	GlobalSection(SolutionProperties) = preSolution
		HideSolutionNode = FALSE
	EndGlobalSection
	GlobalSection(ExtensibilityGlobals) = postSolution
		SolutionGuid = {28EC2043-D8E8-49C4-834D-6822BE5E96E6}
	EndGlobalSection
EndGlobal
